{
  "name": "wc_mgt_docker",
  "lockfileVersion": 3,
  "requires": true,
  "packages": {
    "": {
      "dependencies": {
        "@directus/sdk": "^20.0.1"
      }
    },
    "node_modules/@directus/sdk": {
      "version": "20.0.1",
      "resolved": "https://registry.npmjs.org/@directus/sdk/-/sdk-20.0.1.tgz",
      "integrity": "sha512-HK3UYGr9/k0gqlIwDnNlV6nlUBOpoSYoPSPSGoptelx04AsXT8bj2+4T+z3vi9BiIXCvrWAa1K1ELzg3/gKzOw==",
      "license": "MIT",
      "engines": {
        "node": ">=22"
      },
      "funding": {
        "url": "https://github.com/directus/directus?sponsor=1"
      }
    }
  }
}
